Microsoft Visual Studio Solution File, Format Version 12.00
# Visual Studio Version 17
VisualStudioVersion = 17.5.2.0
MinimumVisualStudioVersion = 10.0.40219.1
Project("{2150E333-8FDC-42A3-9474-1A3956D46DE8}") = "Files", "Files", "{9F5E6384-8D91-7B30-BF94-463B36B69FC3}"
EndProject
Project("{2150E333-8FDC-42A3-9474-1A3956D46DE8}") = "NumbersDates", "NumbersDates", "{8FAF442C-3B50-FEA9-2C20-D9246533C9E1}"
EndProject
Project("{2150E333-8FDC-42A3-9474-1A3956D46DE8}") = "Overview", "Overview", "{CD118C99-9C78-EC4E-B22F-1D9ACD904732}"
EndProject
Project("{2150E333-8FDC-42A3-9474-1A3956D46DE8}") = "Regex", "Regex", "{60F574EC-0ACA-54A5-F1D6-F921FC7A6D79}"
EndProject
Project("{2150E333-8FDC-42A3-9474-1A3956D46DE8}") = "Strings", "Strings", "{B234BC16-7985-3BC1-C397-26187CD4EB05}"
EndProject
Project("{2150E333-8FDC-42A3-9474-1A3956D46DE8}") = "Start", "Start", "{0DDFEE7A-7BCD-3041-7B42-1A6119DEFF0B}"
EndProject
Project("{FAE04EC0-301F-11D3-BF4B-00C04F79EFBC}") = "CreateFiles", "Files\CreateFiles\CreateFiles.csproj", "{A2CBFEAE-DA8A-BD44-34D7-69ED91536F44}"
EndProject
Project("{FAE04EC0-301F-11D3-BF4B-00C04F79EFBC}") = "Directories", "Files\Directories\Directories.csproj", "{E308212F-78FF-E4D9-DB79-57DB5835CF9F}"
EndProject
Project("{FAE04EC0-301F-11D3-BF4B-00C04F79EFBC}") = "FileInfo", "Files\FileInfo\FileInfo.csproj", "{B8406C8E-57B3-7E29-DDB2-BB5F9DD83935}"
EndProject
Project("{FAE04EC0-301F-11D3-BF4B-00C04F79EFBC}") = "ReadWriteFiles", "Files\ReadWriteFiles\ReadWriteFiles.csproj", "{5082FCAD-A03A-CA6D-D9F8-0AA82E5DFF75}"
EndProject
Project("{FAE04EC0-301F-11D3-BF4B-00C04F79EFBC}") = "DateTimeClass", "NumbersDates\DateTimeClass\DateTimeClass.csproj", "{88A0003C-3C67-5E1A-CEAB-0550DA3719CA}"
EndProject
Project("{FAE04EC0-301F-11D3-BF4B-00C04F79EFBC}") = "FormatDates", "NumbersDates\FormatDates\FormatDates.csproj", "{281E4AE0-C502-E72A-A931-403E70CBD1BA}"
EndProject
Project("{FAE04EC0-301F-11D3-BF4B-00C04F79EFBC}") = "FormatNumbers", "NumbersDates\FormatNumbers\FormatNumbers.csproj", "{0F2FE7FE-ED07-EF5C-99DD-FE3A40C5F4FC}"
EndProject
Project("{FAE04EC0-301F-11D3-BF4B-00C04F79EFBC}") = "ParseDates", "NumbersDates\ParseDates\ParseDates.csproj", "{53404D34-47C0-F26D-5BE5-CBFD03B7F211}"
EndProject
Project("{FAE04EC0-301F-11D3-BF4B-00C04F79EFBC}") = "ParseNumbers", "NumbersDates\ParseNumbers\ParseNumbers.csproj", "{0AA7883A-68FF-54DC-1A5C-90DE291B962C}"
EndProject
Project("{FAE04EC0-301F-11D3-BF4B-00C04F79EFBC}") = "DataTypes", "Overview\DataTypes\DataTypes.csproj", "{9B3F3D96-B66E-2528-F137-06130D3E8BC6}"
EndProject
Project("{FAE04EC0-301F-11D3-BF4B-00C04F79EFBC}") = "GarbageCollect", "Overview\GarbageCollect\GarbageCollect.csproj", "{45580387-98DF-307D-C582-EAA7992AF81E}"
EndProject
Project("{FAE04EC0-301F-11D3-BF4B-00C04F79EFBC}") = "MyConsoleApp", "Overview\MyConsoleApp\MyConsoleApp.csproj", "{C0311E9F-01AC-A406-FEA7-CF7A66B822C6}"
EndProject
Project("{FAE04EC0-301F-11D3-BF4B-00C04F79EFBC}") = "Finding", "Regex\Finding\Finding.csproj", "{B1DE5077-AAB1-7973-4F33-1B8DD4EBA3DA}"
EndProject
Project("{FAE04EC0-301F-11D3-BF4B-00C04F79EFBC}") = "Replacing", "Regex\Replacing\Replacing.csproj", "{1443695E-0939-9DA7-B715-C0BD76DB9F50}"
EndProject
Project("{FAE04EC0-301F-11D3-BF4B-00C04F79EFBC}") = "RegexTimeouts", "Regex\Timeouts\RegexTimeouts.csproj", "{4FEFFA55-49AA-A422-EB99-5BC18B07EAAA}"
EndProject
Project("{FAE04EC0-301F-11D3-BF4B-00C04F79EFBC}") = "Formatting", "Strings\Formatting\Formatting.csproj", "{C228D34E-B771-5F4F-CF77-19E893B1D346}"
EndProject
Project("{FAE04EC0-301F-11D3-BF4B-00C04F79EFBC}") = "Interpolation", "Strings\Interpolation\Interpolation.csproj", "{4E71AB79-EE14-6866-DDF3-B440596ECF52}"
EndProject
Project("{FAE04EC0-301F-11D3-BF4B-00C04F79EFBC}") = "Manipulation", "Strings\Manipulation\Manipulation.csproj", "{D277DEA1-F6D8-2623-9E80-ECF1FDFC82E3}"
EndProject
Project("{FAE04EC0-301F-11D3-BF4B-00C04F79EFBC}") = "Searching", "Strings\Searching\Searching.csproj", "{224951C4-E336-4302-7D20-3CC846187ED7}"
EndProject
Project("{2150E333-8FDC-42A3-9474-1A3956D46DE8}") = "Files", "Files", "{BE326F1B-93AC-3FF8-F3D9-8CBFCA799BB0}"
EndProject
Project("{FAE04EC0-301F-11D3-BF4B-00C04F79EFBC}") = "CreateFiles", "Start\Files\CreateFiles\CreateFiles.csproj", "{FCDBB75F-F1EC-1087-2938-091BB824D960}"
EndProject
Project("{FAE04EC0-301F-11D3-BF4B-00C04F79EFBC}") = "Directories", "Start\Files\Directories\Directories.csproj", "{8E3252E3-23CA-2044-5A95-DC2566D5C35B}"
EndProject
Project("{FAE04EC0-301F-11D3-BF4B-00C04F79EFBC}") = "FileInfo", "Start\Files\FileInfo\FileInfo.csproj", "{5A999ACE-C7DA-3D99-E371-FB0F1D6E8F70}"
EndProject
Project("{FAE04EC0-301F-11D3-BF4B-00C04F79EFBC}") = "ReadWriteFiles", "Start\Files\ReadWriteFiles\ReadWriteFiles.csproj", "{E94C3752-427A-D727-6C9C-623550FBEF6E}"
EndProject
Project("{2150E333-8FDC-42A3-9474-1A3956D46DE8}") = "NumbersDates", "NumbersDates", "{801D78D6-E392-2C4C-5988-6EF2DBC80335}"
EndProject
Project("{FAE04EC0-301F-11D3-BF4B-00C04F79EFBC}") = "DateTimeClass", "Start\NumbersDates\DateTimeClass\DateTimeClass.csproj", "{9EE7C28C-3799-95FD-DBC7-6BC65E079144}"
EndProject
Project("{FAE04EC0-301F-11D3-BF4B-00C04F79EFBC}") = "FormatDates", "Start\NumbersDates\FormatDates\FormatDates.csproj", "{AF93BC1F-5DFF-3165-6509-49CCBB4B6771}"
EndProject
Project("{FAE04EC0-301F-11D3-BF4B-00C04F79EFBC}") = "FormatNumbers", "Start\NumbersDates\FormatNumbers\FormatNumbers.csproj", "{C9DF1462-108F-F1A5-A02E-D29FBDA4DB23}"
EndProject
Project("{FAE04EC0-301F-11D3-BF4B-00C04F79EFBC}") = "ParseDates", "Start\NumbersDates\ParseDates\ParseDates.csproj", "{F4F26133-6379-374A-E4BC-1C8A91E11BB0}"
EndProject
Project("{FAE04EC0-301F-11D3-BF4B-00C04F79EFBC}") = "ParseNumbers", "Start\NumbersDates\ParseNumbers\ParseNumbers.csproj", "{46CDB435-38AB-F82E-C5B3-61D9C5EAB56F}"
EndProject
Project("{2150E333-8FDC-42A3-9474-1A3956D46DE8}") = "Overview", "Overview", "{BA45FF27-446C-0A3A-3AE8-485EA8E02CF7}"
EndProject
Project("{FAE04EC0-301F-11D3-BF4B-00C04F79EFBC}") = "DataTypes", "Start\Overview\DataTypes\DataTypes.csproj", "{F97EEE6E-54F4-77A6-5ACC-A9CD1990B90D}"
EndProject
Project("{FAE04EC0-301F-11D3-BF4B-00C04F79EFBC}") = "GarbageCollect", "Start\Overview\GarbageCollect\GarbageCollect.csproj", "{4BA29BE1-0FBE-7180-F8E1-F3586F3DC40D}"
EndProject
Project("{FAE04EC0-301F-11D3-BF4B-00C04F79EFBC}") = "MyConsoleApp", "Start\Overview\MyConsoleApp\MyConsoleApp.csproj", "{90E5EDB9-7DC5-0008-D7B1-30371402C1DF}"
EndProject
Project("{2150E333-8FDC-42A3-9474-1A3956D46DE8}") = "Regex", "Regex", "{FC562D97-A924-BE8B-504D-D0398D749927}"
EndProject
Project("{FAE04EC0-301F-11D3-BF4B-00C04F79EFBC}") = "Finding", "Start\Regex\Finding\Finding.csproj", "{E7FF5C58-4A32-28A9-C7C9-3FAF47ED1F93}"
EndProject
Project("{FAE04EC0-301F-11D3-BF4B-00C04F79EFBC}") = "Replacing", "Start\Regex\Replacing\Replacing.csproj", "{5F677FC4-250C-0E06-46C6-03A4882EC3E6}"
EndProject
Project("{FAE04EC0-301F-11D3-BF4B-00C04F79EFBC}") = "RegexTimeouts", "Start\Regex\Timeouts\RegexTimeouts.csproj", "{A4346E37-B74E-61FA-F30B-D852E74F8007}"
EndProject
Project("{2150E333-8FDC-42A3-9474-1A3956D46DE8}") = "Strings", "Strings", "{4FCF4C49-E008-93BA-6C5E-BB5EA5D2A8FA}"
EndProject
Project("{FAE04EC0-301F-11D3-BF4B-00C04F79EFBC}") = "Formatting", "Start\Strings\Formatting\Formatting.csproj", "{159EDBD1-4C93-4BCA-57FB-4406D21CA061}"
EndProject
Project("{FAE04EC0-301F-11D3-BF4B-00C04F79EFBC}") = "Interpolation", "Start\Strings\Interpolation\Interpolation.csproj", "{C388A728-6A7F-9317-C8A9-335F4F9CA044}"
EndProject
Project("{FAE04EC0-301F-11D3-BF4B-00C04F79EFBC}") = "Manipulation", "Start\Strings\Manipulation\Manipulation.csproj", "{7010AA87-7A87-9F05-7AEC-6BD71E524A13}"
EndProject
Project("{FAE04EC0-301F-11D3-BF4B-00C04F79EFBC}") = "Searching", "Start\Strings\Searching\Searching.csproj", "{427FDEEF-E9F8-6947-189A-3D8A936F042E}"
EndProject
Global
	GlobalSection(SolutionConfigurationPlatforms) = preSolution
		Debug|Any CPU = Debug|Any CPU
		Release|Any CPU = Release|Any CPU
	EndGlobalSection
	GlobalSection(ProjectConfigurationPlatforms) = postSolution
		{A2CBFEAE-DA8A-BD44-34D7-69ED91536F44}.Debug|Any CPU.ActiveCfg = Debug|Any CPU
		{A2CBFEAE-DA8A-BD44-34D7-69ED91536F44}.Debug|Any CPU.Build.0 = Debug|Any CPU
		{A2CBFEAE-DA8A-BD44-34D7-69ED91536F44}.Release|Any CPU.ActiveCfg = Release|Any CPU
		{A2CBFEAE-DA8A-BD44-34D7-69ED91536F44}.Release|Any CPU.Build.0 = Release|Any CPU
		{E308212F-78FF-E4D9-DB79-57DB5835CF9F}.Debug|Any CPU.ActiveCfg = Debug|Any CPU
		{E308212F-78FF-E4D9-DB79-57DB5835CF9F}.Debug|Any CPU.Build.0 = Debug|Any CPU
		{E308212F-78FF-E4D9-DB79-57DB5835CF9F}.Release|Any CPU.ActiveCfg = Release|Any CPU
		{E308212F-78FF-E4D9-DB79-57DB5835CF9F}.Release|Any CPU.Build.0 = Release|Any CPU
		{B8406C8E-57B3-7E29-DDB2-BB5F9DD83935}.Debug|Any CPU.ActiveCfg = Debug|Any CPU
		{B8406C8E-57B3-7E29-DDB2-BB5F9DD83935}.Debug|Any CPU.Build.0 = Debug|Any CPU
		{B8406C8E-57B3-7E29-DDB2-BB5F9DD83935}.Release|Any CPU.ActiveCfg = Release|Any CPU
		{B8406C8E-57B3-7E29-DDB2-BB5F9DD83935}.Release|Any CPU.Build.0 = Release|Any CPU
		{5082FCAD-A03A-CA6D-D9F8-0AA82E5DFF75}.Debug|Any CPU.ActiveCfg = Debug|Any CPU
		{5082FCAD-A03A-CA6D-D9F8-0AA82E5DFF75}.Debug|Any CPU.Build.0 = Debug|Any CPU
		{5082FCAD-A03A-CA6D-D9F8-0AA82E5DFF75}.Release|Any CPU.ActiveCfg = Release|Any CPU
		{5082FCAD-A03A-CA6D-D9F8-0AA82E5DFF75}.Release|Any CPU.Build.0 = Release|Any CPU
		{88A0003C-3C67-5E1A-CEAB-0550DA3719CA}.Debug|Any CPU.ActiveCfg = Debug|Any CPU
		{88A0003C-3C67-5E1A-CEAB-0550DA3719CA}.Debug|Any CPU.Build.0 = Debug|Any CPU
		{88A0003C-3C67-5E1A-CEAB-0550DA3719CA}.Release|Any CPU.ActiveCfg = Release|Any CPU
		{88A0003C-3C67-5E1A-CEAB-0550DA3719CA}.Release|Any CPU.Build.0 = Release|Any CPU
		{281E4AE0-C502-E72A-A931-403E70CBD1BA}.Debug|Any CPU.ActiveCfg = Debug|Any CPU
		{281E4AE0-C502-E72A-A931-403E70CBD1BA}.Debug|Any CPU.Build.0 = Debug|Any CPU
		{281E4AE0-C502-E72A-A931-403E70CBD1BA}.Release|Any CPU.ActiveCfg = Release|Any CPU
		{281E4AE0-C502-E72A-A931-403E70CBD1BA}.Release|Any CPU.Build.0 = Release|Any CPU
		{0F2FE7FE-ED07-EF5C-99DD-FE3A40C5F4FC}.Debug|Any CPU.ActiveCfg = Debug|Any CPU
		{0F2FE7FE-ED07-EF5C-99DD-FE3A40C5F4FC}.Debug|Any CPU.Build.0 = Debug|Any CPU
		{0F2FE7FE-ED07-EF5C-99DD-FE3A40C5F4FC}.Release|Any CPU.ActiveCfg = Release|Any CPU
		{0F2FE7FE-ED07-EF5C-99DD-FE3A40C5F4FC}.Release|Any CPU.Build.0 = Release|Any CPU
		{53404D34-47C0-F26D-5BE5-CBFD03B7F211}.Debug|Any CPU.ActiveCfg = Debug|Any CPU
		{53404D34-47C0-F26D-5BE5-CBFD03B7F211}.Debug|Any CPU.Build.0 = Debug|Any CPU
		{53404D34-47C0-F26D-5BE5-CBFD03B7F211}.Release|Any CPU.ActiveCfg = Release|Any CPU
		{53404D34-47C0-F26D-5BE5-CBFD03B7F211}.Release|Any CPU.Build.0 = Release|Any CPU
		{0AA7883A-68FF-54DC-1A5C-90DE291B962C}.Debug|Any CPU.ActiveCfg = Debug|Any CPU
		{0AA7883A-68FF-54DC-1A5C-90DE291B962C}.Debug|Any CPU.Build.0 = Debug|Any CPU
		{0AA7883A-68FF-54DC-1A5C-90DE291B962C}.Release|Any CPU.ActiveCfg = Release|Any CPU
		{0AA7883A-68FF-54DC-1A5C-90DE291B962C}.Release|Any CPU.Build.0 = Release|Any CPU
		{9B3F3D96-B66E-2528-F137-06130D3E8BC6}.Debug|Any CPU.ActiveCfg = Debug|Any CPU
		{9B3F3D96-B66E-2528-F137-06130D3E8BC6}.Debug|Any CPU.Build.0 = Debug|Any CPU
		{9B3F3D96-B66E-2528-F137-06130D3E8BC6}.Release|Any CPU.ActiveCfg = Release|Any CPU
		{9B3F3D96-B66E-2528-F137-06130D3E8BC6}.Release|Any CPU.Build.0 = Release|Any CPU
		{45580387-98DF-307D-C582-EAA7992AF81E}.Debug|Any CPU.ActiveCfg = Debug|Any CPU
		{45580387-98DF-307D-C582-EAA7992AF81E}.Debug|Any CPU.Build.0 = Debug|Any CPU
		{45580387-98DF-307D-C582-EAA7992AF81E}.Release|Any CPU.ActiveCfg = Release|Any CPU
		{45580387-98DF-307D-C582-EAA7992AF81E}.Release|Any CPU.Build.0 = Release|Any CPU
		{C0311E9F-01AC-A406-FEA7-CF7A66B822C6}.Debug|Any CPU.ActiveCfg = Debug|Any CPU
		{C0311E9F-01AC-A406-FEA7-CF7A66B822C6}.Debug|Any CPU.Build.0 = Debug|Any CPU
		{C0311E9F-01AC-A406-FEA7-CF7A66B822C6}.Release|Any CPU.ActiveCfg = Release|Any CPU
		{C0311E9F-01AC-A406-FEA7-CF7A66B822C6}.Release|Any CPU.Build.0 = Release|Any CPU
		{B1DE5077-AAB1-7973-4F33-1B8DD4EBA3DA}.Debug|Any CPU.ActiveCfg = Debug|Any CPU
		{B1DE5077-AAB1-7973-4F33-1B8DD4EBA3DA}.Debug|Any CPU.Build.0 = Debug|Any CPU
		{B1DE5077-AAB1-7973-4F33-1B8DD4EBA3DA}.Release|Any CPU.ActiveCfg = Release|Any CPU
		{B1DE5077-AAB1-7973-4F33-1B8DD4EBA3DA}.Release|Any CPU.Build.0 = Release|Any CPU
		{1443695E-0939-9DA7-B715-C0BD76DB9F50}.Debug|Any CPU.ActiveCfg = Debug|Any CPU
		{1443695E-0939-9DA7-B715-C0BD76DB9F50}.Debug|Any CPU.Build.0 = Debug|Any CPU
		{1443695E-0939-9DA7-B715-C0BD76DB9F50}.Release|Any CPU.ActiveCfg = Release|Any CPU
		{1443695E-0939-9DA7-B715-C0BD76DB9F50}.Release|Any CPU.Build.0 = Release|Any CPU
		{4FEFFA55-49AA-A422-EB99-5BC18B07EAAA}.Debug|Any CPU.ActiveCfg = Debug|Any CPU
		{4FEFFA55-49AA-A422-EB99-5BC18B07EAAA}.Debug|Any CPU.Build.0 = Debug|Any CPU
		{4FEFFA55-49AA-A422-EB99-5BC18B07EAAA}.Release|Any CPU.ActiveCfg = Release|Any CPU
		{4FEFFA55-49AA-A422-EB99-5BC18B07EAAA}.Release|Any CPU.Build.0 = Release|Any CPU
		{C228D34E-B771-5F4F-CF77-19E893B1D346}.Debug|Any CPU.ActiveCfg = Debug|Any CPU
		{C228D34E-B771-5F4F-CF77-19E893B1D346}.Debug|Any CPU.Build.0 = Debug|Any CPU
		{C228D34E-B771-5F4F-CF77-19E893B1D346}.Release|Any CPU.ActiveCfg = Release|Any CPU
		{C228D34E-B771-5F4F-CF77-19E893B1D346}.Release|Any CPU.Build.0 = Release|Any CPU
		{4E71AB79-EE14-6866-DDF3-B440596ECF52}.Debug|Any CPU.ActiveCfg = Debug|Any CPU
		{4E71AB79-EE14-6866-DDF3-B440596ECF52}.Debug|Any CPU.Build.0 = Debug|Any CPU
		{4E71AB79-EE14-6866-DDF3-B440596ECF52}.Release|Any CPU.ActiveCfg = Release|Any CPU
		{4E71AB79-EE14-6866-DDF3-B440596ECF52}.Release|Any CPU.Build.0 = Release|Any CPU
		{D277DEA1-F6D8-2623-9E80-ECF1FDFC82E3}.Debug|Any CPU.ActiveCfg = Debug|Any CPU
		{D277DEA1-F6D8-2623-9E80-ECF1FDFC82E3}.Debug|Any CPU.Build.0 = Debug|Any CPU
		{D277DEA1-F6D8-2623-9E80-ECF1FDFC82E3}.Release|Any CPU.ActiveCfg = Release|Any CPU
		{D277DEA1-F6D8-2623-9E80-ECF1FDFC82E3}.Release|Any CPU.Build.0 = Release|Any CPU
		{224951C4-E336-4302-7D20-3CC846187ED7}.Debug|Any CPU.ActiveCfg = Debug|Any CPU
		{224951C4-E336-4302-7D20-3CC846187ED7}.Debug|Any CPU.Build.0 = Debug|Any CPU
		{224951C4-E336-4302-7D20-3CC846187ED7}.Release|Any CPU.ActiveCfg = Release|Any CPU
		{224951C4-E336-4302-7D20-3CC846187ED7}.Release|Any CPU.Build.0 = Release|Any CPU
		{FCDBB75F-F1EC-1087-2938-091BB824D960}.Debug|Any CPU.ActiveCfg = Debug|Any CPU
		{FCDBB75F-F1EC-1087-2938-091BB824D960}.Debug|Any CPU.Build.0 = Debug|Any CPU
		{FCDBB75F-F1EC-1087-2938-091BB824D960}.Release|Any CPU.ActiveCfg = Release|Any CPU
		{FCDBB75F-F1EC-1087-2938-091BB824D960}.Release|Any CPU.Build.0 = Release|Any CPU
		{8E3252E3-23CA-2044-5A95-DC2566D5C35B}.Debug|Any CPU.ActiveCfg = Debug|Any CPU
		{8E3252E3-23CA-2044-5A95-DC2566D5C35B}.Debug|Any CPU.Build.0 = Debug|Any CPU
		{8E3252E3-23CA-2044-5A95-DC2566D5C35B}.Release|Any CPU.ActiveCfg = Release|Any CPU
		{8E3252E3-23CA-2044-5A95-DC2566D5C35B}.Release|Any CPU.Build.0 = Release|Any CPU
		{5A999ACE-C7DA-3D99-E371-FB0F1D6E8F70}.Debug|Any CPU.ActiveCfg = Debug|Any CPU
		{5A999ACE-C7DA-3D99-E371-FB0F1D6E8F70}.Debug|Any CPU.Build.0 = Debug|Any CPU
		{5A999ACE-C7DA-3D99-E371-FB0F1D6E8F70}.Release|Any CPU.ActiveCfg = Release|Any CPU
		{5A999ACE-C7DA-3D99-E371-FB0F1D6E8F70}.Release|Any CPU.Build.0 = Release|Any CPU
		{E94C3752-427A-D727-6C9C-623550FBEF6E}.Debug|Any CPU.ActiveCfg = Debug|Any CPU
		{E94C3752-427A-D727-6C9C-623550FBEF6E}.Debug|Any CPU.Build.0 = Debug|Any CPU
		{E94C3752-427A-D727-6C9C-623550FBEF6E}.Release|Any CPU.ActiveCfg = Release|Any CPU
		{E94C3752-427A-D727-6C9C-623550FBEF6E}.Release|Any CPU.Build.0 = Release|Any CPU
		{9EE7C28C-3799-95FD-DBC7-6BC65E079144}.Debug|Any CPU.ActiveCfg = Debug|Any CPU
		{9EE7C28C-3799-95FD-DBC7-6BC65E079144}.Debug|Any CPU.Build.0 = Debug|Any CPU
		{9EE7C28C-3799-95FD-DBC7-6BC65E079144}.Release|Any CPU.ActiveCfg = Release|Any CPU
		{9EE7C28C-3799-95FD-DBC7-6BC65E079144}.Release|Any CPU.Build.0 = Release|Any CPU
		{AF93BC1F-5DFF-3165-6509-49CCBB4B6771}.Debug|Any CPU.ActiveCfg = Debug|Any CPU
		{AF93BC1F-5DFF-3165-6509-49CCBB4B6771}.Debug|Any CPU.Build.0 = Debug|Any CPU
		{AF93BC1F-5DFF-3165-6509-49CCBB4B6771}.Release|Any CPU.ActiveCfg = Release|Any CPU
		{AF93BC1F-5DFF-3165-6509-49CCBB4B6771}.Release|Any CPU.Build.0 = Release|Any CPU
		{C9DF1462-108F-F1A5-A02E-D29FBDA4DB23}.Debug|Any CPU.ActiveCfg = Debug|Any CPU
		{C9DF1462-108F-F1A5-A02E-D29FBDA4DB23}.Debug|Any CPU.Build.0 = Debug|Any CPU
		{C9DF1462-108F-F1A5-A02E-D29FBDA4DB23}.Release|Any CPU.ActiveCfg = Release|Any CPU
		{C9DF1462-108F-F1A5-A02E-D29FBDA4DB23}.Release|Any CPU.Build.0 = Release|Any CPU
		{F4F26133-6379-374A-E4BC-1C8A91E11BB0}.Debug|Any CPU.ActiveCfg = Debug|Any CPU
		{F4F26133-6379-374A-E4BC-1C8A91E11BB0}.Debug|Any CPU.Build.0 = Debug|Any CPU
		{F4F26133-6379-374A-E4BC-1C8A91E11BB0}.Release|Any CPU.ActiveCfg = Release|Any CPU
		{F4F26133-6379-374A-E4BC-1C8A91E11BB0}.Release|Any CPU.Build.0 = Release|Any CPU
		{46CDB435-38AB-F82E-C5B3-61D9C5EAB56F}.Debug|Any CPU.ActiveCfg = Debug|Any CPU
		{46CDB435-38AB-F82E-C5B3-61D9C5EAB56F}.Debug|Any CPU.Build.0 = Debug|Any CPU
		{46CDB435-38AB-F82E-C5B3-61D9C5EAB56F}.Release|Any CPU.ActiveCfg = Release|Any CPU
		{46CDB435-38AB-F82E-C5B3-61D9C5EAB56F}.Release|Any CPU.Build.0 = Release|Any CPU
		{F97EEE6E-54F4-77A6-5ACC-A9CD1990B90D}.Debug|Any CPU.ActiveCfg = Debug|Any CPU
		{F97EEE6E-54F4-77A6-5ACC-A9CD1990B90D}.Debug|Any CPU.Build.0 = Debug|Any CPU
		{F97EEE6E-54F4-77A6-5ACC-A9CD1990B90D}.Release|Any CPU.ActiveCfg = Release|Any CPU
		{F97EEE6E-54F4-77A6-5ACC-A9CD1990B90D}.Release|Any CPU.Build.0 = Release|Any CPU
		{4BA29BE1-0FBE-7180-F8E1-F3586F3DC40D}.Debug|Any CPU.ActiveCfg = Debug|Any CPU
		{4BA29BE1-0FBE-7180-F8E1-F3586F3DC40D}.Debug|Any CPU.Build.0 = Debug|Any CPU
		{4BA29BE1-0FBE-7180-F8E1-F3586F3DC40D}.Release|Any CPU.ActiveCfg = Release|Any CPU
		{4BA29BE1-0FBE-7180-F8E1-F3586F3DC40D}.Release|Any CPU.Build.0 = Release|Any CPU
		{90E5EDB9-7DC5-0008-D7B1-30371402C1DF}.Debug|Any CPU.ActiveCfg = Debug|Any CPU
		{90E5EDB9-7DC5-0008-D7B1-30371402C1DF}.Debug|Any CPU.Build.0 = Debug|Any CPU
		{90E5EDB9-7DC5-0008-D7B1-30371402C1DF}.Release|Any CPU.ActiveCfg = Release|Any CPU
		{90E5EDB9-7DC5-0008-D7B1-30371402C1DF}.Release|Any CPU.Build.0 = Release|Any CPU
		{E7FF5C58-4A32-28A9-C7C9-3FAF47ED1F93}.Debug|Any CPU.ActiveCfg = Debug|Any CPU
		{E7FF5C58-4A32-28A9-C7C9-3FAF47ED1F93}.Debug|Any CPU.Build.0 = Debug|Any CPU
		{E7FF5C58-4A32-28A9-C7C9-3FAF47ED1F93}.Release|Any CPU.ActiveCfg = Release|Any CPU
		{E7FF5C58-4A32-28A9-C7C9-3FAF47ED1F93}.Release|Any CPU.Build.0 = Release|Any CPU
		{5F677FC4-250C-0E06-46C6-03A4882EC3E6}.Debug|Any CPU.ActiveCfg = Debug|Any CPU
		{5F677FC4-250C-0E06-46C6-03A4882EC3E6}.Debug|Any CPU.Build.0 = Debug|Any CPU
		{5F677FC4-250C-0E06-46C6-03A4882EC3E6}.Release|Any CPU.ActiveCfg = Release|Any CPU
		{5F677FC4-250C-0E06-46C6-03A4882EC3E6}.Release|Any CPU.Build.0 = Release|Any CPU
		{A4346E37-B74E-61FA-F30B-D852E74F8007}.Debug|Any CPU.ActiveCfg = Debug|Any CPU
		{A4346E37-B74E-61FA-F30B-D852E74F8007}.Debug|Any CPU.Build.0 = Debug|Any CPU
		{A4346E37-B74E-61FA-F30B-D852E74F8007}.Release|Any CPU.ActiveCfg = Release|Any CPU
		{A4346E37-B74E-61FA-F30B-D852E74F8007}.Release|Any CPU.Build.0 = Release|Any CPU
		{159EDBD1-4C93-4BCA-57FB-4406D21CA061}.Debug|Any CPU.ActiveCfg = Debug|Any CPU
		{159EDBD1-4C93-4BCA-57FB-4406D21CA061}.Debug|Any CPU.Build.0 = Debug|Any CPU
		{159EDBD1-4C93-4BCA-57FB-4406D21CA061}.Release|Any CPU.ActiveCfg = Release|Any CPU
		{159EDBD1-4C93-4BCA-57FB-4406D21CA061}.Release|Any CPU.Build.0 = Release|Any CPU
		{C388A728-6A7F-9317-C8A9-335F4F9CA044}.Debug|Any CPU.ActiveCfg = Debug|Any CPU
		{C388A728-6A7F-9317-C8A9-335F4F9CA044}.Debug|Any CPU.Build.0 = Debug|Any CPU
		{C388A728-6A7F-9317-C8A9-335F4F9CA044}.Release|Any CPU.ActiveCfg = Release|Any CPU
		{C388A728-6A7F-9317-C8A9-335F4F9CA044}.Release|Any CPU.Build.0 = Release|Any CPU
		{7010AA87-7A87-9F05-7AEC-6BD71E524A13}.Debug|Any CPU.ActiveCfg = Debug|Any CPU
		{7010AA87-7A87-9F05-7AEC-6BD71E524A13}.Debug|Any CPU.Build.0 = Debug|Any CPU
		{7010AA87-7A87-9F05-7AEC-6BD71E524A13}.Release|Any CPU.ActiveCfg = Release|Any CPU
		{7010AA87-7A87-9F05-7AEC-6BD71E524A13}.Release|Any CPU.Build.0 = Release|Any CPU
		{427FDEEF-E9F8-6947-189A-3D8A936F042E}.Debug|Any CPU.ActiveCfg = Debug|Any CPU
		{427FDEEF-E9F8-6947-189A-3D8A936F042E}.Debug|Any CPU.Build.0 = Debug|Any CPU
		{427FDEEF-E9F8-6947-189A-3D8A936F042E}.Release|Any CPU.ActiveCfg = Release|Any CPU
		{427FDEEF-E9F8-6947-189A-3D8A936F042E}.Release|Any CPU.Build.0 = Release|Any CPU
	EndGlobalSection
	GlobalSection(SolutionProperties) = preSolution
		HideSolutionNode = FALSE
	EndGlobalSection
	GlobalSection(NestedProjects) = preSolution
		{A2CBFEAE-DA8A-BD44-34D7-69ED91536F44} = {9F5E6384-8D91-7B30-BF94-463B36B69FC3}
		{E308212F-78FF-E4D9-DB79-57DB5835CF9F} = {9F5E6384-8D91-7B30-BF94-463B36B69FC3}
		{B8406C8E-57B3-7E29-DDB2-BB5F9DD83935} = {9F5E6384-8D91-7B30-BF94-463B36B69FC3}
		{5082FCAD-A03A-CA6D-D9F8-0AA82E5DFF75} = {9F5E6384-8D91-7B30-BF94-463B36B69FC3}
		{88A0003C-3C67-5E1A-CEAB-0550DA3719CA} = {8FAF442C-3B50-FEA9-2C20-D9246533C9E1}
		{281E4AE0-C502-E72A-A931-403E70CBD1BA} = {8FAF442C-3B50-FEA9-2C20-D9246533C9E1}
		{0F2FE7FE-ED07-EF5C-99DD-FE3A40C5F4FC} = {8FAF442C-3B50-FEA9-2C20-D9246533C9E1}
		{53404D34-47C0-F26D-5BE5-CBFD03B7F211} = {8FAF442C-3B50-FEA9-2C20-D9246533C9E1}
		{0AA7883A-68FF-54DC-1A5C-90DE291B962C} = {8FAF442C-3B50-FEA9-2C20-D9246533C9E1}
		{9B3F3D96-B66E-2528-F137-06130D3E8BC6} = {CD118C99-9C78-EC4E-B22F-1D9ACD904732}
		{45580387-98DF-307D-C582-EAA7992AF81E} = {CD118C99-9C78-EC4E-B22F-1D9ACD904732}
		{C0311E9F-01AC-A406-FEA7-CF7A66B822C6} = {CD118C99-9C78-EC4E-B22F-1D9ACD904732}
		{B1DE5077-AAB1-7973-4F33-1B8DD4EBA3DA} = {60F574EC-0ACA-54A5-F1D6-F921FC7A6D79}
		{1443695E-0939-9DA7-B715-C0BD76DB9F50} = {60F574EC-0ACA-54A5-F1D6-F921FC7A6D79}
		{4FEFFA55-49AA-A422-EB99-5BC18B07EAAA} = {60F574EC-0ACA-54A5-F1D6-F921FC7A6D79}
		{C228D34E-B771-5F4F-CF77-19E893B1D346} = {B234BC16-7985-3BC1-C397-26187CD4EB05}
		{4E71AB79-EE14-6866-DDF3-B440596ECF52} = {B234BC16-7985-3BC1-C397-26187CD4EB05}
		{D277DEA1-F6D8-2623-9E80-ECF1FDFC82E3} = {B234BC16-7985-3BC1-C397-26187CD4EB05}
		{224951C4-E336-4302-7D20-3CC846187ED7} = {B234BC16-7985-3BC1-C397-26187CD4EB05}
		{BE326F1B-93AC-3FF8-F3D9-8CBFCA799BB0} = {0DDFEE7A-7BCD-3041-7B42-1A6119DEFF0B}
		{FCDBB75F-F1EC-1087-2938-091BB824D960} = {BE326F1B-93AC-3FF8-F3D9-8CBFCA799BB0}
		{8E3252E3-23CA-2044-5A95-DC2566D5C35B} = {BE326F1B-93AC-3FF8-F3D9-8CBFCA799BB0}
		{5A999ACE-C7DA-3D99-E371-FB0F1D6E8F70} = {BE326F1B-93AC-3FF8-F3D9-8CBFCA799BB0}
		{E94C3752-427A-D727-6C9C-623550FBEF6E} = {BE326F1B-93AC-3FF8-F3D9-8CBFCA799BB0}
		{801D78D6-E392-2C4C-5988-6EF2DBC80335} = {0DDFEE7A-7BCD-3041-7B42-1A6119DEFF0B}
		{9EE7C28C-3799-95FD-DBC7-6BC65E079144} = {801D78D6-E392-2C4C-5988-6EF2DBC80335}
		{AF93BC1F-5DFF-3165-6509-49CCBB4B6771} = {801D78D6-E392-2C4C-5988-6EF2DBC80335}
		{C9DF1462-108F-F1A5-A02E-D29FBDA4DB23} = {801D78D6-E392-2C4C-5988-6EF2DBC80335}
		{F4F26133-6379-374A-E4BC-1C8A91E11BB0} = {801D78D6-E392-2C4C-5988-6EF2DBC80335}
		{46CDB435-38AB-F82E-C5B3-61D9C5EAB56F} = {801D78D6-E392-2C4C-5988-6EF2DBC80335}
		{BA45FF27-446C-0A3A-3AE8-485EA8E02CF7} = {0DDFEE7A-7BCD-3041-7B42-1A6119DEFF0B}
		{F97EEE6E-54F4-77A6-5ACC-A9CD1990B90D} = {BA45FF27-446C-0A3A-3AE8-485EA8E02CF7}
		{4BA29BE1-0FBE-7180-F8E1-F3586F3DC40D} = {BA45FF27-446C-0A3A-3AE8-485EA8E02CF7}
		{90E5EDB9-7DC5-0008-D7B1-30371402C1DF} = {BA45FF27-446C-0A3A-3AE8-485EA8E02CF7}
		{FC562D97-A924-BE8B-504D-D0398D749927} = {0DDFEE7A-7BCD-3041-7B42-1A6119DEFF0B}
		{E7FF5C58-4A32-28A9-C7C9-3FAF47ED1F93} = {FC562D97-A924-BE8B-504D-D0398D749927}
		{5F677FC4-250C-0E06-46C6-03A4882EC3E6} = {FC562D97-A924-BE8B-504D-D0398D749927}
		{A4346E37-B74E-61FA-F30B-D852E74F8007} = {FC562D97-A924-BE8B-504D-D0398D749927}
		{4FCF4C49-E008-93BA-6C5E-BB5EA5D2A8FA} = {0DDFEE7A-7BCD-3041-7B42-1A6119DEFF0B}
		{159EDBD1-4C93-4BCA-57FB-4406D21CA061} = {4FCF4C49-E008-93BA-6C5E-BB5EA5D2A8FA}
		{C388A728-6A7F-9317-C8A9-335F4F9CA044} = {4FCF4C49-E008-93BA-6C5E-BB5EA5D2A8FA}
		{7010AA87-7A87-9F05-7AEC-6BD71E524A13} = {4FCF4C49-E008-93BA-6C5E-BB5EA5D2A8FA}
		{427FDEEF-E9F8-6947-189A-3D8A936F042E} = {4FCF4C49-E008-93BA-6C5E-BB5EA5D2A8FA}
	EndGlobalSection
	GlobalSection(ExtensibilityGlobals) = postSolution
		SolutionGuid = {D25A87D6-BA96-433C-B53A-9E9F54A8888E}
	EndGlobalSection
EndGlobal
